// !$*UTF8*$!
{
	archiveVersion = 1;
	classes = {
	};
	objectVersion = 46;
	objects = {

/* Begin PBXBuildFile section */
		B50D92971ED0EEC800EC4DC3 /* AppDelegate.swift in Sources */ = {isa = PBXBuildFile; fileRef = B50D92961ED0EEC800EC4DC3 /* AppDelegate.swift */; };
		B50D92991ED0EEC800EC4DC3 /* WeatherVC.swift in Sources */ = {isa = PBXBuildFile; fileRef = B50D92981ED0EEC800EC4DC3 /* WeatherVC.swift */; };
		B50D929C1ED0EEC800EC4DC3 /* Main.storyboard in Resources */ = {isa = PBXBuildFile; fileRef = B50D929A1ED0EEC800EC4DC3 /* Main.storyboard */; };
		B50D929E1ED0EEC800EC4DC3 /* Assets.xcassets in Resources */ = {isa = PBXBuildFile; fileRef = B50D929D1ED0EEC800EC4DC3 /* Assets.xcassets */; };
		B50D92A11ED0EEC800EC4DC3 /* LaunchScreen.storyboard in Resources */ = {isa = PBXBuildFile; fileRef = B50D929F1ED0EEC800EC4DC3 /* LaunchScreen.storyboard */; };
		B50D92AC1ED0EEC900EC4DC3 /* rainySunnyTests.swift in Sources */ = {isa = PBXBuildFile; fileRef = B50D92AB1ED0EEC900EC4DC3 /* rainySunnyTests.swift */; };
		B50D92B71ED0EEC900EC4DC3 /* rainySunnyUITests.swift in Sources */ = {isa = PBXBuildFile; fileRef = B50D92B61ED0EEC900EC4DC3 /* rainySunnyUITests.swift */; };
		B50D92C81ED1CCA700EC4DC3 /* Constants.swift in Sources */ = {isa = PBXBuildFile; fileRef = B50D92C71ED1CCA700EC4DC3 /* Constants.swift */; };
		B50D92CB1ED1D90C00EC4DC3 /* CurrentWeather.swift in Sources */ = {isa = PBXBuildFile; fileRef = B50D92CA1ED1D90C00EC4DC3 /* CurrentWeather.swift */; };
		B5CE56201ED336CE004A31CE /* Forecast.swift in Sources */ = {isa = PBXBuildFile; fileRef = B5CE561F1ED336CE004A31CE /* Forecast.swift */; };
		B5CE56221ED34F67004A31CE /* WeatherCell.swift in Sources */ = {isa = PBXBuildFile; fileRef = B5CE56211ED34F67004A31CE /* WeatherCell.swift */; };
		B5CE56241ED356AD004A31CE /* Location.swift in Sources */ = {isa = PBXBuildFile; fileRef = B5CE56231ED356AD004A31CE /* Location.swift */; };
		C075B9930A879D3227694F7A /* Pods_rainySunny.framework in Frameworks */ = {isa = PBXBuildFile; fileRef = 1702B253BD7BBFA3CD4D432B /* Pods_rainySunny.framework */; };
/* End PBXBuildFile section */

/* Begin PBXContainerItemProxy section */
		B50D92A81ED0EEC900EC4DC3 /* PBXContainerItemProxy */ = {
			isa = PBXContainerItemProxy;
			containerPortal = B50D928B1ED0EEC800EC4DC3 /* Project object */;
			proxyType = 1;
			remoteGlobalIDString = B50D92921ED0EEC800EC4DC3;
			remoteInfo = rainySunny;
		};
		B50D92B31ED0EEC900EC4DC3 /* PBXContainerItemProxy */ = {
			isa = PBXContainerItemProxy;
			containerPortal = B50D928B1ED0EEC800EC4DC3 /* Project object */;
			proxyType = 1;
			remoteGlobalIDString = B50D92921ED0EEC800EC4DC3;
			remoteInfo = rainySunny;
		};
/* End PBXContainerItemProxy section */

/* Begin PBXFileReference section */
		1702B253BD7BBFA3CD4D432B /* Pods_rainySunny.framework */ = {isa = PBXFileReference; explicitFileType = wrapper.framework; includeInIndex = 0; path = Pods_rainySunny.framework; sourceTree = BUILT_PRODUCTS_DIR; };
		77BF90571A216CC26E0C6D45 /* Pods-rainySunny.debug.xcconfig */ = {isa = PBXFileReference; includeInIndex = 1; lastKnownFileType = text.xcconfig; name = "Pods-rainySunny.debug.xcconfig"; path = "Pods/Target Support Files/Pods-rainySunny/Pods-rainySunny.debug.xcconfig"; sourceTree = "<group>"; };
		B50D92931ED0EEC800EC4DC3 /* rainySunny.app */ = {isa = PBXFileReference; explicitFileType = wrapper.application; includeInIndex = 0; path = rainySunny.app; sourceTree = BUILT_PRODUCTS_DIR; };
		B50D92961ED0EEC800EC4DC3 /* AppDelegate.swift */ = {isa = PBXFileReference; lastKnownFileType = sourcecode.swift; path = AppDelegate.swift; sourceTree = "<group>"; };
		B50D92981ED0EEC800EC4DC3 /* WeatherVC.swift */ = {isa = PBXFileReference; lastKnownFileType = sourcecode.swift; path = WeatherVC.swift; sourceTree = "<group>"; };
		B50D929B1ED0EEC800EC4DC3 /* Base */ = {isa = PBXFileReference; lastKnownFileType = file.storyboard; name = Base; path = Base.lproj/Main.storyboard; sourceTree = "<group>"; };
		B50D929D1ED0EEC800EC4DC3 /* Assets.xcassets */ = {isa = PBXFileReference; lastKnownFileType = folder.assetcatalog; path = Assets.xcassets; sourceTree = "<group>"; };
		B50D92A01ED0EEC800EC4DC3 /* Base */ = {isa = PBXFileReference; lastKnownFileType = file.storyboard; name = Base; path = Base.lproj/LaunchScreen.storyboard; sourceTree = "<group>"; };
		B50D92A21ED0EEC800EC4DC3 /* Info.plist */ = {isa = PBXFileReference; lastKnownFileType = text.plist.xml; path = Info.plist; sourceTree = "<group>"; };
		B50D92A71ED0EEC900EC4DC3 /* rainySunnyTests.xctest */ = {isa = PBXFileReference; explicitFileType = wrapper.cfbundle; includeInIndex = 0; path = rainySunnyTests.xctest; sourceTree = BUILT_PRODUCTS_DIR; };
		B50D92AB1ED0EEC900EC4DC3 /* rainySunnyTests.swift */ = {isa = PBXFileReference; lastKnownFileType = sourcecode.swift; path = rainySunnyTests.swift; sourceTree = "<group>"; };
		B50D92AD1ED0EEC900EC4DC3 /* Info.plist */ = {isa = PBXFileReference; lastKnownFileType = text.plist.xml; path = Info.plist; sourceTree = "<group>"; };
		B50D92B21ED0EEC900EC4DC3 /* rainySunnyUITests.xctest */ = {isa = PBXFileReference; explicitFileType = wrapper.cfbundle; includeInIndex = 0; path = rainySunnyUITests.xctest; sourceTree = BUILT_PRODUCTS_DIR; };
		B50D92B61ED0EEC900EC4DC3 /* rainySunnyUITests.swift */ = {isa = PBXFileReference; lastKnownFileType = sourcecode.swift; path = rainySunnyUITests.swift; sourceTree = "<group>"; };
		B50D92B81ED0EEC900EC4DC3 /* Info.plist */ = {isa = PBXFileReference; lastKnownFileType = text.plist.xml; path = Info.plist; sourceTree = "<group>"; };
		B50D92C71ED1CCA700EC4DC3 /* Constants.swift */ = {isa = PBXFileReference; fileEncoding = 4; lastKnownFileType = sourcecode.swift; path = Constants.swift; sourceTree = "<group>"; };
		B50D92CA1ED1D90C00EC4DC3 /* CurrentWeather.swift */ = {isa = PBXFileReference; fileEncoding = 4; lastKnownFileType = sourcecode.swift; path = CurrentWeather.swift; sourceTree = "<group>"; };
		B5CE561F1ED336CE004A31CE /* Forecast.swift */ = {isa = PBXFileReference; fileEncoding = 4; lastKnownFileType = sourcecode.swift; path = Forecast.swift; sourceTree = "<group>"; };
		B5CE56211ED34F67004A31CE /* WeatherCell.swift */ = {isa = PBXFileReference; fileEncoding = 4; lastKnownFileType = sourcecode.swift; path = WeatherCell.swift; sourceTree = "<group>"; };
		B5CE56231ED356AD004A31CE /* Location.swift */ = {isa = PBXFileReference; fileEncoding = 4; lastKnownFileType = sourcecode.swift; path = Location.swift; sourceTree = "<group>"; };
		EF0079B068920A4B0BB1BA5E /* Pods-rainySunny.release.xcconfig */ = {isa = PBXFileReference; includeInIndex = 1; lastKnownFileType = text.xcconfig; name = "Pods-rainySunny.release.xcconfig"; path = "Pods/Target Support Files/Pods-rainySunny/Pods-rainySunny.release.xcconfig"; sourceTree = "<group>"; };
/* End PBXFileReference section */

/* Begin PBXFrameworksBuildPhase section */
		B50D92901ED0EEC800EC4DC3 /* Frameworks */ = {
			isa = PBXFrameworksBuildPhase;
			buildActionMask = 2147483647;
			files = (
				C075B9930A879D3227694F7A /* Pods_rainySunny.framework in Frameworks */,
			);
			runOnlyForDeploymentPostprocessing = 0;
		};
		B50D92A41ED0EEC900EC4DC3 /* Frameworks */ = {
			isa = PBXFrameworksBuildPhase;
			buildActionMask = 2147483647;
			files = (
			);
			runOnlyForDeploymentPostprocessing = 0;
		};
		B50D92AF1ED0EEC900EC4DC3 /* Frameworks */ = {
			isa = PBXFrameworksBuildPhase;
			buildActionMask = 2147483647;
			files = (
			);
			runOnlyForDeploymentPostprocessing = 0;
		};
/* End PBXFrameworksBuildPhase section */

/* Begin PBXGroup section */
		13B9675E580B9CB4C6D7DA35 /* Pods */ = {
			isa = PBXGroup;
			children = (
				77BF90571A216CC26E0C6D45 /* Pods-rainySunny.debug.xcconfig */,
				EF0079B068920A4B0BB1BA5E /* Pods-rainySunny.release.xcconfig */,
			);
			name = Pods;
			sourceTree = "<group>";
		};
		71164F37CB4E5256979DEF45 /* Frameworks */ = {
			isa = PBXGroup;
			children = (
				1702B253BD7BBFA3CD4D432B /* Pods_rainySunny.framework */,
			);
			name = Frameworks;
			sourceTree = "<group>";
		};
		B50D928A1ED0EEC800EC4DC3 = {
			isa = PBXGroup;
			children = (
				B50D92951ED0EEC800EC4DC3 /* rainySunny */,
				B50D92AA1ED0EEC900EC4DC3 /* rainySunnyTests */,
				B50D92B51ED0EEC900EC4DC3 /* rainySunnyUITests */,
				B50D92941ED0EEC800EC4DC3 /* Products */,
				13B9675E580B9CB4C6D7DA35 /* Pods */,
				71164F37CB4E5256979DEF45 /* Frameworks */,
			);
			sourceTree = "<group>";
		};
		B50D92941ED0EEC800EC4DC3 /* Products */ = {
			isa = PBXGroup;
			children = (
				B50D92931ED0EEC800EC4DC3 /* rainySunny.app */,
				B50D92A71ED0EEC900EC4DC3 /* rainySunnyTests.xctest */,
				B50D92B21ED0EEC900EC4DC3 /* rainySunnyUITests.xctest */,
			);
			name = Products;
			sourceTree = "<group>";
		};
		B50D92951ED0EEC800EC4DC3 /* rainySunny */ = {
			isa = PBXGroup;
			children = (
				B50D92C51ED18E8A00EC4DC3 /* View */,
				B50D92C41ED18E7D00EC4DC3 /* Model */,
				B50D92C61ED18E8E00EC4DC3 /* Controller */,
				B50D92961ED0EEC800EC4DC3 /* AppDelegate.swift */,
				B50D929A1ED0EEC800EC4DC3 /* Main.storyboard */,
				B50D929F1ED0EEC800EC4DC3 /* LaunchScreen.storyboard */,
				B50D929D1ED0EEC800EC4DC3 /* Assets.xcassets */,
				B50D92A21ED0EEC800EC4DC3 /* Info.plist */,
			);
			path = rainySunny;
			sourceTree = "<group>";
		};
		B50D92AA1ED0EEC900EC4DC3 /* rainySunnyTests */ = {
			isa = PBXGroup;
			children = (
				B50D92AB1ED0EEC900EC4DC3 /* rainySunnyTests.swift */,
				B50D92AD1ED0EEC900EC4DC3 /* Info.plist */,
			);
			path = rainySunnyTests;
			sourceTree = "<group>";
		};
		B50D92B51ED0EEC900EC4DC3 /* rainySunnyUITests */ = {
			isa = PBXGroup;
			children = (
				B50D92B61ED0EEC900EC4DC3 /* rainySunnyUITests.swift */,
				B50D92B81ED0EEC900EC4DC3 /* Info.plist */,
			);
			path = rainySunnyUITests;
			sourceTree = "<group>";
		};
		B50D92C41ED18E7D00EC4DC3 /* Model */ = {
			isa = PBXGroup;
			children = (
				B50D92C71ED1CCA700EC4DC3 /* Constants.swift */,
				B50D92CA1ED1D90C00EC4DC3 /* CurrentWeather.swift */,
				B5CE561F1ED336CE004A31CE /* Forecast.swift */,
				B5CE56231ED356AD004A31CE /* Location.swift */,
			);
			name = Model;
			sourceTree = "<group>";
		};
		B50D92C51ED18E8A00EC4DC3 /* View */ = {
			isa = PBXGroup;
			children = (
				B5CE56211ED34F67004A31CE /* WeatherCell.swift */,
			);
			name = View;
			sourceTree = "<group>";
		};
		B50D92C61ED18E8E00EC4DC3 /* Controller */ = {
			isa = PBXGroup;
			children = (
				B50D92981ED0EEC800EC4DC3 /* WeatherVC.swift */,
			);
			name = Controller;
			sourceTree = "<group>";
		};
/* End PBXGroup section */

/* Begin PBXNativeTarget section */
		B50D92921ED0EEC800EC4DC3 /* rainySunny */ = {
			isa = PBXNativeTarget;
			buildConfigurationList = B50D92BB1ED0EEC900EC4DC3 /* Build configuration list for PBXNativeTarget "rainySunny" */;
			buildPhases = (
				7A4B322B8CD6B5673D48FED4 /* [CP] Check Pods Manifest.lock */,
				B50D928F1ED0EEC800EC4DC3 /* Sources */,
				B50D92901ED0EEC800EC4DC3 /* Frameworks */,
				B50D92911ED0EEC800EC4DC3 /* Resources */,
				94275B627AB79C40565287A0 /* [CP] Embed Pods Frameworks */,
				642D1D2115101C3871BC7F5C /* [CP] Copy Pods Resources */,
			);
			buildRules = (
			);
			dependencies = (
			);
			name = rainySunny;
			productName = rainySunny;
			productReference = B50D92931ED0EEC800EC4DC3 /* rainySunny.app */;
			productType = "com.apple.product-type.application";
		};
		B50D92A61ED0EEC900EC4DC3 /* rainySunnyTests */ = {
			isa = PBXNativeTarget;
			buildConfigurationList = B50D92BE1ED0EEC900EC4DC3 /* Build configuration list for PBXNativeTarget "rainySunnyTests" */;
			buildPhases = (
				B50D92A31ED0EEC900EC4DC3 /* Sources */,
				B50D92A41ED0EEC900EC4DC3 /* Frameworks */,
				B50D92A51ED0EEC900EC4DC3 /* Resources */,
			);
			buildRules = (
			);
			dependencies = (
				B50D92A91ED0EEC900EC4DC3 /* PBXTargetDependency */,
			);
			name = rainySunnyTests;
			productName = rainySunnyTests;
			productReference = B50D92A71ED0EEC900EC4DC3 /* rainySunnyTests.xctest */;
			productType = "com.apple.product-type.bundle.unit-test";
		};
		B50D92B11ED0EEC900EC4DC3 /* rainySunnyUITests */ = {
			isa = PBXNativeTarget;
			buildConfigurationList = B50D92C11ED0EEC900EC4DC3 /* Build configuration list for PBXNativeTarget "rainySunnyUITests" */;
			buildPhases = (
				B50D92AE1ED0EEC900EC4DC3 /* Sources */,
				B50D92AF1ED0EEC900EC4DC3 /* Frameworks */,
				B50D92B01ED0EEC900EC4DC3 /* Resources */,
			);
			buildRules = (
			);
			dependencies = (
				B50D92B41ED0EEC900EC4DC3 /* PBXTargetDependency */,
			);
			name = rainySunnyUITests;
			productName = rainySunnyUITests;
			productReference = B50D92B21ED0EEC900EC4DC3 /* rainySunnyUITests.xctest */;
			productType = "com.apple.product-type.bundle.ui-testing";
		};
/* End PBXNativeTarget section */

/* Begin PBXProject section */
		B50D928B1ED0EEC800EC4DC3 /* Project object */ = {
			isa = PBXProject;
			attributes = {
				LastSwiftUpdateCheck = 0830;
				LastUpgradeCheck = 0830;
				ORGANIZATIONNAME = Boyce;
				TargetAttributes = {
					B50D92921ED0EEC800EC4DC3 = {
						CreatedOnToolsVersion = 8.3.2;
						DevelopmentTeam = L3UV8RDLC9;
						ProvisioningStyle = Automatic;
					};
					B50D92A61ED0EEC900EC4DC3 = {
						CreatedOnToolsVersion = 8.3.2;
						DevelopmentTeam = L3UV8RDLC9;
						ProvisioningStyle = Automatic;
						TestTargetID = B50D92921ED0EEC800EC4DC3;
					};
					B50D92B11ED0EEC900EC4DC3 = {
						CreatedOnToolsVersion = 8.3.2;
						DevelopmentTeam = L3UV8RDLC9;
						ProvisioningStyle = Automatic;
						TestTargetID = B50D92921ED0EEC800EC4DC3;
					};
				};
			};
			buildConfigurationList = B50D928E1ED0EEC800EC4DC3 /* Build configuration list for PBXProject "rainySunny" */;
			compatibilityVersion = "Xcode 3.2";
			developmentRegion = English;
			hasScannedForEncodings = 0;
			knownRegions = (
				en,
				Base,
			);
			mainGroup = B50D928A1ED0EEC800EC4DC3;
			productRefGroup = B50D92941ED0EEC800EC4DC3 /* Products */;
			projectDirPath = "";
			projectRoot = "";
			targets = (
				B50D92921ED0EEC800EC4DC3 /* rainySunny */,
				B50D92A61ED0EEC900EC4DC3 /* rainySunnyTests */,
				B50D92B11ED0EEC900EC4DC3 /* rainySunnyUITests */,
			);
		};
/* End PBXProject section */

/* Begin PBXResourcesBuildPhase section */
		B50D92911ED0EEC800EC4DC3 /* Resources */ = {
			isa = PBXResourcesBuildPhase;
			buildActionMask = 2147483647;
			files = (
				B50D92A11ED0EEC800EC4DC3 /* LaunchScreen.storyboard in Resources */,
				B50D929E1ED0EEC800EC4DC3 /* Assets.xcassets in Resources */,
				B50D929C1ED0EEC800EC4DC3 /* Main.storyboard in Resources */,
			);
			runOnlyForDeploymentPostprocessing = 0;
		};
		B50D92A51ED0EEC900EC4DC3 /* Resources */ = {
			isa = PBXResourcesBuildPhase;
			buildActionMask = 2147483647;
			files = (
			);
			runOnlyForDeploymentPostprocessing = 0;
		};
		B50D92B01ED0EEC900EC4DC3 /* Resources */ = {
			isa = PBXResourcesBuildPhase;
			buildActionMask = 2147483647;
			files = (
			);
			runOnlyForDeploymentPostprocessing = 0;
		};
/* End PBXResourcesBuildPhase section */

/* Begin PBXShellScriptBuildPhase section */
		642D1D2115101C3871BC7F5C /* [CP] Copy Pods Resources */ = {
			isa = PBXShellScriptBuildPhase;
			buildActionMask = 2147483647;
			files = (
			);
			inputPaths = (
			);
			name = "[CP] Copy Pods Resources";
			outputPaths = (
			);
			runOnlyForDeploymentPostprocessing = 0;
			shellPath = /bin/sh;
			shellScript = "\"${SRCROOT}/Pods/Target Support Files/Pods-rainySunny/Pods-rainySunny-resources.sh\"\n";
			showEnvVarsInLog = 0;
		};
		7A4B322B8CD6B5673D48FED4 /* [CP] Check Pods Manifest.lock */ = {
			isa = PBXShellScriptBuildPhase;
			buildActionMask = 2147483647;
			files = (
			);
			inputPaths = (
			);
			name = "[CP] Check Pods Manifest.lock";
			outputPaths = (
			);
			runOnlyForDeploymentPostprocessing = 0;
			shellPath = /bin/sh;
			shellScript = "diff \"${PODS_PODFILE_DIR_PATH}/Podfile.lock\" \"${PODS_ROOT}/Manifest.lock\" > /dev/null\nif [ $? != 0 ] ; then\n    # print error to STDERR\n    echo \"error: The sandbox is not in sync with the Podfile.lock. Run 'pod install' or update your CocoaPods installation.\" >&2\n    exit 1\nfi\n";
			showEnvVarsInLog = 0;
		};
		94275B627AB79C40565287A0 /* [CP] Embed Pods Frameworks */ = {
			isa = PBXShellScriptBuildPhase;
			buildActionMask = 2147483647;
			files = (
			);
			inputPaths = (
			);
			name = "[CP] Embed Pods Frameworks";
			outputPaths = (
			);
			runOnlyForDeploymentPostprocessing = 0;
			shellPath = /bin/sh;
			shellScript = "\"${SRCROOT}/Pods/Target Support Files/Pods-rainySunny/Pods-rainySunny-frameworks.sh\"\n";
			showEnvVarsInLog = 0;
		};
/* End PBXShellScriptBuildPhase section */

/* Begin PBXSourcesBuildPhase section */
		B50D928F1ED0EEC800EC4DC3 /* Sources */ = {
			isa = PBXSourcesBuildPhase;
			buildActionMask = 2147483647;
			files = (
				B50D92991ED0EEC800EC4DC3 /* WeatherVC.swift in Sources */,
				B50D92971ED0EEC800EC4DC3 /* AppDelegate.swift in Sources */,
				B5CE56221ED34F67004A31CE /* WeatherCell.swift in Sources */,
				B50D92CB1ED1D90C00EC4DC3 /* CurrentWeather.swift in Sources */,
				B50D92C81ED1CCA700EC4DC3 /* Constants.swift in Sources */,
				B5CE56201ED336CE004A31CE /* Forecast.swift in Sources */,
				B5CE56241ED356AD004A31CE /* Location.swift in Sources */,
			);
			runOnlyForDeploymentPostprocessing = 0;
		};
		B50D92A31ED0EEC900EC4DC3 /* Sources */ = {
			isa = PBXSourcesBuildPhase;
			buildActionMask = 2147483647;
			files = (
				B50D92AC1ED0EEC900EC4DC3 /* rainySunnyTests.swift in Sources */,
			);
			runOnlyForDeploymentPostprocessing = 0;
		};
		B50D92AE1ED0EEC900EC4DC3 /* Sources */ = {
			isa = PBXSourcesBuildPhase;
			buildActionMask = 2147483647;
			files = (
				B50D92B71ED0EEC900EC4DC3 /* rainySunnyUITests.swift in Sources */,
			);
			runOnlyForDeploymentPostprocessing = 0;
		};
/* End PBXSourcesBuildPhase section */

/* Begin PBXTargetDependency section */
		B50D92A91ED0EEC900EC4DC3 /* PBXTargetDependency */ = {
			isa = PBXTargetDependency;
			target = B50D92921ED0EEC800EC4DC3 /* rainySunny */;
			targetProxy = B50D92A81ED0EEC900EC4DC3 /* PBXContainerItemProxy */;
		};
		B50D92B41ED0EEC900EC4DC3 /* PBXTargetDependency */ = {
			isa = PBXTargetDependency;
			target = B50D92921ED0EEC800EC4DC3 /* rainySunny */;
			targetProxy = B50D92B31ED0EEC900EC4DC3 /* PBXContainerItemProxy */;
		};
/* End PBXTargetDependency section */

/* Begin PBXVariantGroup section */
		B50D929A1ED0EEC800EC4DC3 /* Main.storyboard */ = {
			isa = PBXVariantGroup;
			children = (
				B50D929B1ED0EEC800EC4DC3 /* Base */,
			);
			name = Main.storyboard;
			sourceTree = "<group>";
		};
		B50D929F1ED0EEC800EC4DC3 /* LaunchScreen.storyboard */ = {
			isa = PBXVariantGroup;
			children = (
				B50D92A01ED0EEC800EC4DC3 /* Base */,
			);
			name = LaunchScreen.storyboard;
			sourceTree = "<group>";
		};
/* End PBXVariantGroup section */

/* Begin XCBuildConfiguration section */
		B50D92B91ED0EEC900EC4DC3 /* Debug */ = {
			isa = XCBuildConfiguration;
			buildSettings = {
				ALWAYS_SEARCH_USER_PATHS = NO;
				CLANG_ANALYZER_NONNULL = YES;
				CLANG_ANALYZER_NUMBER_OBJECT_CONVERSION = YES_AGGRESSIVE;
				CLANG_CXX_LANGUAGE_STANDARD = "gnu++0x";
				CLANG_CXX_LIBRARY = "libc++";
				CLANG_ENABLE_MODULES = YES;
				CLANG_ENABLE_OBJC_ARC = YES;
				CLANG_WARN_BOOL_CONVERSION = YES;
				CLANG_WARN_CONSTANT_CONVERSION = YES;
				CLANG_WARN_DIRECT_OBJC_ISA_USAGE = YES_ERROR;
				CLANG_WARN_DOCUMENTATION_COMMENTS = YES;
				CLANG_WARN_EMPTY_BODY = YES;
				CLANG_WARN_ENUM_CONVERSION = YES;
				CLANG_WARN_INFINITE_RECURSION = YES;
				CLANG_WARN_INT_CONVERSION = YES;
				CLANG_WARN_OBJC_ROOT_CLASS = YES_ERROR;
				CLANG_WARN_SUSPICIOUS_MOVE = YES;
				CLANG_WARN_UNREACHABLE_CODE = YES;
				CLANG_WARN__DUPLICATE_METHOD_MATCH = YES;
				"CODE_SIGN_IDENTITY[sdk=iphoneos*]" = "iPhone Developer";
				COPY_PHASE_STRIP = NO;
				DEBUG_INFORMATION_FORMAT = dwarf;
				ENABLE_STRICT_OBJC_MSGSEND = YES;
				ENABLE_TESTABILITY = YES;
				GCC_C_LANGUAGE_STANDARD = gnu99;
				GCC_DYNAMIC_NO_PIC = NO;
				GCC_NO_COMMON_BLOCKS = YES;
				GCC_OPTIMIZATION_LEVEL = 0;
				GCC_PREPROCESSOR_DEFINITIONS = (
					"DEBUG=1",
					"$(inherited)",
				);
				GCC_WARN_64_TO_32_BIT_CONVERSION = YES;
				GCC_WARN_ABOUT_RETURN_TYPE = YES_ERROR;
				GCC_WARN_UNDECLARED_SELECTOR = YES;
				GCC_WARN_UNINITIALIZED_AUTOS = YES_AGGRESSIVE;
				GCC_WARN_UNUSED_FUNCTION = YES;
				GCC_WARN_UNUSED_VARIABLE = YES;
				IPHONEOS_DEPLOYMENT_TARGET = 10.3;
				MTL_ENABLE_DEBUG_INFO = YES;
				ONLY_ACTIVE_ARCH = YES;
				SDKROOT = iphoneos;
				SWIFT_ACTIVE_COMPILATION_CONDITIONS = DEBUG;
				SWIFT_OPTIMIZATION_LEVEL = "-Onone";
				TARGETED_DEVICE_FAMILY = "1,2";
			};
			name = Debug;
		};
		B50D92BA1ED0EEC900EC4DC3 /* Release */ = {
			isa = XCBuildConfiguration;
			buildSettings = {
				ALWAYS_SEARCH_USER_PATHS = NO;
				CLANG_ANALYZER_NONNULL = YES;
				CLANG_ANALYZER_NUMBER_OBJECT_CONVERSION = YES_AGGRESSIVE;
				CLANG_CXX_LANGUAGE_STANDARD = "gnu++0x";
				CLANG_CXX_LIBRARY = "libc++";
				CLANG_ENABLE_MODULES = YES;
				CLANG_ENABLE_OBJC_ARC = YES;
				CLANG_WARN_BOOL_CONVERSION = YES;
				CLANG_WARN_CONSTANT_CONVERSION = YES;
				CLANG_WARN_DIRECT_OBJC_ISA_USAGE = YES_ERROR;
				CLANG_WARN_DOCUMENTATION_COMMENTS = YES;
				CLANG_WARN_EMPTY_BODY = YES;
				CLANG_WARN_ENUM_CONVERSION = YES;
				CLANG_WARN_INFINITE_RECURSION = YES;
				CLANG_WARN_INT_CONVERSION = YES;
				CLANG_WARN_OBJC_ROOT_CLASS = YES_ERROR;
				CLANG_WARN_SUSPICIOUS_MOVE = YES;
				CLANG_WARN_UNREACHABLE_CODE = YES;
				CLANG_WARN__DUPLICATE_METHOD_MATCH = YES;
				"CODE_SIGN_IDENTITY[sdk=iphoneos*]" = "iPhone Developer";
				COPY_PHASE_STRIP = NO;
				DEBUG_INFORMATION_FORMAT = "dwarf-with-dsym";
				ENABLE_NS_ASSERTIONS = NO;
				ENABLE_STRICT_OBJC_MSGSEND = YES;
				GCC_C_LANGUAGE_STANDARD = gnu99;
				GCC_NO_COMMON_BLOCKS = YES;
				GCC_WARN_64_TO_32_BIT_CONVERSION = YES;
				GCC_WARN_ABOUT_RETURN_TYPE = YES_ERROR;
				GCC_WARN_UNDECLARED_SELECTOR = YES;
				GCC_WARN_UNINITIALIZED_AUTOS = YES_AGGRESSIVE;
				GCC_WARN_UNUSED_FUNCTION = YES;
				GCC_WARN_UNUSED_VARIABLE = YES;
				IPHONEOS_DEPLOYMENT_TARGET = 10.3;
				MTL_ENABLE_DEBUG_INFO = NO;
				SDKROOT = iphoneos;
				SWIFT_OPTIMIZATION_LEVEL = "-Owholemodule";
				TARGETED_DEVICE_FAMILY = "1,2";
				VALIDATE_PRODUCT = YES;
			};
			name = Release;
		};
		B50D92BC1ED0EEC900EC4DC3 /* Debug */ = {
			isa = XCBuildConfiguration;
			baseConfigurationReference = 77BF90571A216CC26E0C6D45 /* Pods-rainySunny.debug.xcconfig */;
			buildSettings = {
				ASSETCATALOG_COMPILER_APPICON_NAME = AppIcon;
				DEVELOPMENT_TEAM = L3UV8RDLC9;
				INFOPLIST_FILE = rainySunny/Info.plist;
				LD_RUNPATH_SEARCH_PATHS = "$(inherited) @executable_path/Frameworks";
				PRODUCT_BUNDLE_IDENTIFIER = bofish.rainySunny;
				PRODUCT_NAME = "$(TARGET_NAME)";
				SWIFT_VERSION = 3.0;
			};
			name = Debug;
		};
		B50D92BD1ED0EEC900EC4DC3 /* Release */ = {
			isa = XCBuildConfiguration;
			baseConfigurationReference = EF0079B068920A4B0BB1BA5E /* Pods-rainySunny.release.xcconfig */;
			buildSettings = {
				ASSETCATALOG_COMPILER_APPICON_NAME = AppIcon;
				DEVELOPMENT_TEAM = L3UV8RDLC9;
				INFOPLIST_FILE = rainySunny/Info.plist;
				LD_RUNPATH_SEARCH_PATHS = "$(inherited) @executable_path/Frameworks";
				PRODUCT_BUNDLE_IDENTIFIER = bofish.rainySunny;
				PRODUCT_NAME = "$(TARGET_NAME)";
				SWIFT_VERSION = 3.0;
			};
			name = Release;
		};
		B50D92BF1ED0EEC900EC4DC3 /* Debug */ = {
			isa = XCBuildConfiguration;
			buildSettings = {
				ALWAYS_EMBED_SWIFT_STANDARD_LIBRARIES = YES;
				BUNDLE_LOADER = "$(TEST_HOST)";
				DEVELOPMENT_TEAM = L3UV8RDLC9;
				INFOPLIST_FILE = rainySunnyTests/Info.plist;
				LD_RUNPATH_SEARCH_PATHS = "$(inherited) @executable_path/Frameworks @loader_path/Frameworks";
				PRODUCT_BUNDLE_IDENTIFIER = bofish.rainySunnyTests;
				PRODUCT_NAME = "$(TARGET_NAME)";
				SWIFT_VERSION = 3.0;
				TEST_HOST = "$(BUILT_PRODUCTS_DIR)/rainySunny.app/rainySunny";
			};
			name = Debug;
		};
		B50D92C01ED0EEC900EC4DC3 /* Release */ = {
			isa = XCBuildConfiguration;
			buildSettings = {
				ALWAYS_EMBED_SWIFT_STANDARD_LIBRARIES = YES;
				BUNDLE_LOADER = "$(TEST_HOST)";
				DEVELOPMENT_TEAM = L3UV8RDLC9;
				INFOPLIST_FILE = rainySunnyTests/Info.plist;
				LD_RUNPATH_SEARCH_PATHS = "$(inherited) @executable_path/Frameworks @loader_path/Frameworks";
				PRODUCT_BUNDLE_IDENTIFIER = bofish.rainySunnyTests;
				PRODUCT_NAME = "$(TARGET_NAME)";
				SWIFT_VERSION = 3.0;
				TEST_HOST = "$(BUILT_PRODUCTS_DIR)/rainySunny.app/rainySunny";
			};
			name = Release;
		};
		B50D92C21ED0EEC900EC4DC3 /* Debug */ = {
			isa = XCBuildConfiguration;
			buildSettings = {
				ALWAYS_EMBED_SWIFT_STANDARD_LIBRARIES = YES;
				DEVELOPMENT_TEAM = L3UV8RDLC9;
				INFOPLIST_FILE = rainySunnyUITests/Info.plist;
				LD_RUNPATH_SEARCH_PATHS = "$(inherited) @executable_path/Frameworks @loader_path/Frameworks";
				PRODUCT_BUNDLE_IDENTIFIER = bofish.rainySunnyUITests;
				PRODUCT_NAME = "$(TARGET_NAME)";
				SWIFT_VERSION = 3.0;
				TEST_TARGET_NAME = rainySunny;
			};
			name = Debug;
		};
		B50D92C31ED0EEC900EC4DC3 /* Release */ = {
			isa = XCBuildConfiguration;
			buildSettings = {
				ALWAYS_EMBED_SWIFT_STANDARD_LIBRARIES = YES;
				DEVELOPMENT_TEAM = L3UV8RDLC9;
				INFOPLIST_FILE = rainySunnyUITests/Info.plist;
				LD_RUNPATH_SEARCH_PATHS = "$(inherited) @executable_path/Frameworks @loader_path/Frameworks";
				PRODUCT_BUNDLE_IDENTIFIER = bofish.rainySunnyUITests;
				PRODUCT_NAME = "$(TARGET_NAME)";
				SWIFT_VERSION = 3.0;
				TEST_TARGET_NAME = rainySunny;
			};
			name = Release;
		};
/* End XCBuildConfiguration section */

/* Begin XCConfigurationList section */
		B50D928E1ED0EEC800EC4DC3 /* Build configuration list for PBXProject "rainySunny" */ = {
			isa = XCConfigurationList;
			buildConfigurations = (
				B50D92B91ED0EEC900EC4DC3 /* Debug */,
				B50D92BA1ED0EEC900EC4DC3 /* Release */,
			);
			defaultConfigurationIsVisible = 0;
			defaultConfigurationName = Release;
		};
		B50D92BB1ED0EEC900EC4DC3 /* Build configuration list for PBXNativeTarget "rainySunny" */ = {
			isa = XCConfigurationList;
			buildConfigurations = (
				B50D92BC1ED0EEC900EC4DC3 /* Debug */,
				B50D92BD1ED0EEC900EC4DC3 /* Release */,
			);
			defaultConfigurationIsVisible = 0;
			defaultConfigurationName = Release;
		};
		B50D92BE1ED0EEC900EC4DC3 /* Build configuration list for PBXNativeTarget "rainySunnyTests" */ = {
			isa = XCConfigurationList;
			buildConfigurations = (
				B50D92BF1ED0EEC900EC4DC3 /* Debug */,
				B50D92C01ED0EEC900EC4DC3 /* Release */,
			);
			defaultConfigurationIsVisible = 0;
			defaultConfigurationName = Release;
		};
		B50D92C11ED0EEC900EC4DC3 /* Build configuration list for PBXNativeTarget "rainySunnyUITests" */ = {
			isa = XCConfigurationList;
			buildConfigurations = (
				B50D92C21ED0EEC900EC4DC3 /* Debug */,
				B50D92C31ED0EEC900EC4DC3 /* Release */,
			);
			defaultConfigurationIsVisible = 0;
			defaultConfigurationName = Release;
		};
/* End XCConfigurationList section */
	};
	rootObject = B50D928B1ED0EEC800EC4DC3 /* Project object */;
}
